
Microsoft Visual Studio Solution File, Format Version 12.00
# Visual Studio Version 17
VisualStudioVersion = 17.6.33829.357
MinimumVisualStudioVersion = 10.0.40219.1
Project("{FAE04EC0-301F-11D3-BF4B-00C04F79EFBC}") = "api-bibliotecaICL", "api-bibliotecaICL\api-bibliotecaICL.csproj", "{6BB329A1-4579-44BB-9894-A440B12F1934}"
EndProject
Global
	GlobalSection(SolutionConfigurationPlatforms) = preSolution
		Debug|Any CPU = Debug|Any CPU
		Release|Any CPU = Release|Any CPU
	EndGlobalSection
	GlobalSection(ProjectConfigurationPlatforms) = postSolution
		{6BB329A1-4579-44BB-9894-A440B12F1934}.Debug|Any CPU.ActiveCfg = Debug|Any CPU
		{6BB329A1-4579-44BB-9894-A440B12F1934}.Debug|Any CPU.Build.0 = Debug|Any CPU
		{6BB329A1-4579-44BB-9894-A440B12F1934}.Release|Any CPU.ActiveCfg = Release|Any CPU
		{6BB329A1-4579-44BB-9894-A440B12F1934}.Release|Any CPU.Build.0 = Release|Any CPU
	EndGlobalSection
	GlobalSection(SolutionProperties) = preSolution
		HideSolutionNode = FALSE
	EndGlobalSection
	GlobalSection(ExtensibilityGlobals) = postSolution
		SolutionGuid = {1417606C-3C13-4F86-990E-C93BF58883B1}
	EndGlobalSection
EndGlobal
